
Microsoft Visual Studio Solution File, Format Version 12.00
# Visual Studio Version 17
VisualStudioVersion = 17.11.35312.102
MinimumVisualStudioVersion = 10.0.40219.1
Project("{2150E333-8FDC-42A3-9474-1A3956D46DE8}") = "files", "files", "{5C8A04E9-E805-451A-B73B-05248DCCD0EE}"
	ProjectSection(SolutionItems) = preProject
		.editorconfig = .editorconfig
		Directory.Build.props = Directory.Build.props
		global.json = global.json
		..\README.md = ..\README.md
	EndProjectSection
EndProject
Project("{2150E333-8FDC-42A3-9474-1A3956D46DE8}") = "runtimes", "runtimes", "{819E3828-0328-4F38-BDB3-5825B4913AAB}"
EndProject
Project("{9A19103F-16F7-4668-BE54-9A1E7A4F7556}") = "MongoSandbox.Core.Tests", "MongoSandbox.Core.Tests\MongoSandbox.Core.Tests.csproj", "{F33F8D0A-B3F1-4471-8DD7-937CFAC005E5}"
EndProject
Project("{9A19103F-16F7-4668-BE54-9A1E7A4F7556}") = "MongoSandbox.Core", "MongoSandbox.Core\MongoSandbox.Core.csproj", "{E58299B0-E5C5-4358-ACA2-11AA859EAD81}"
EndProject
Project("{FAE04EC0-301F-11D3-BF4B-00C04F79EFBC}") = "MongoSandbox6.runtime.osx-arm64", "MongoSandbox.Runtimes\MongoSandbox6.runtime.osx-arm64.csproj", "{CC4B9A52-C0D0-4652-B75F-62A5F1524E9B}"
EndProject
Project("{FAE04EC0-301F-11D3-BF4B-00C04F79EFBC}") = "MongoSandbox6.runtime.linux-x64", "MongoSandbox.Runtimes\MongoSandbox6.runtime.linux-x64.csproj", "{6D723CAC-6C36-432B-AF82-FED039080D40}"
EndProject
Project("{FAE04EC0-301F-11D3-BF4B-00C04F79EFBC}") = "MongoSandbox6.runtime.win-x64", "MongoSandbox.Runtimes\MongoSandbox6.runtime.win-x64.csproj", "{1A20E788-4D1C-4E42-862A-FD3E49F7DA84}"
EndProject
Project("{FAE04EC0-301F-11D3-BF4B-00C04F79EFBC}") = "MongoSandbox7.runtime.linux-x64", "MongoSandbox.Runtimes\MongoSandbox7.runtime.linux-x64.csproj", "{14EB9AE5-8BED-4C4F-A8FA-B1CAA7CDDB31}"
EndProject
Project("{FAE04EC0-301F-11D3-BF4B-00C04F79EFBC}") = "MongoSandbox7.runtime.osx-arm64", "MongoSandbox.Runtimes\MongoSandbox7.runtime.osx-arm64.csproj", "{0772619C-E004-474A-AC00-4974C545C825}"
EndProject
Project("{FAE04EC0-301F-11D3-BF4B-00C04F79EFBC}") = "MongoSandbox7.runtime.win-x64", "MongoSandbox.Runtimes\MongoSandbox7.runtime.win-x64.csproj", "{CDDDD084-72FE-4BBB-9239-4B9D038C8F16}"
EndProject
Project("{FAE04EC0-301F-11D3-BF4B-00C04F79EFBC}") = "MongoSandbox8.runtime.linux-x64", "MongoSandbox.Runtimes\MongoSandbox8.runtime.linux-x64.csproj", "{37499680-C81E-493F-9A39-53A795479016}"
EndProject
Project("{FAE04EC0-301F-11D3-BF4B-00C04F79EFBC}") = "MongoSandbox8.runtime.osx-arm64", "MongoSandbox.Runtimes\MongoSandbox8.runtime.osx-arm64.csproj", "{D60320C0-142B-432B-9821-6E904BF8E996}"
EndProject
Project("{FAE04EC0-301F-11D3-BF4B-00C04F79EFBC}") = "MongoSandbox8.runtime.win-x64", "MongoSandbox.Runtimes\MongoSandbox8.runtime.win-x64.csproj", "{A972B910-AD58-4ECE-BE8E-87119437C359}"
EndProject
Project("{2150E333-8FDC-42A3-9474-1A3956D46DE8}") = "build", "build", "{02EA681E-C7D8-13C7-8484-4AC65E1B71E8}"
EndProject
Project("{FAE04EC0-301F-11D3-BF4B-00C04F79EFBC}") = "Build", "..\build\Build.csproj", "{4F1A5CD8-F08F-6B1C-4564-8476E15A785B}"
EndProject
Global
	GlobalSection(SolutionConfigurationPlatforms) = preSolution
		Debug|Any CPU = Debug|Any CPU
		Release|Any CPU = Release|Any CPU
	EndGlobalSection
	GlobalSection(ProjectConfigurationPlatforms) = postSolution
		{F33F8D0A-B3F1-4471-8DD7-937CFAC005E5}.Debug|Any CPU.ActiveCfg = Debug|Any CPU
		{F33F8D0A-B3F1-4471-8DD7-937CFAC005E5}.Debug|Any CPU.Build.0 = Debug|Any CPU
		{F33F8D0A-B3F1-4471-8DD7-937CFAC005E5}.Release|Any CPU.ActiveCfg = Release|Any CPU
		{F33F8D0A-B3F1-4471-8DD7-937CFAC005E5}.Release|Any CPU.Build.0 = Release|Any CPU
		{E58299B0-E5C5-4358-ACA2-11AA859EAD81}.Debug|Any CPU.ActiveCfg = Debug|Any CPU
		{E58299B0-E5C5-4358-ACA2-11AA859EAD81}.Debug|Any CPU.Build.0 = Debug|Any CPU
		{E58299B0-E5C5-4358-ACA2-11AA859EAD81}.Release|Any CPU.ActiveCfg = Release|Any CPU
		{E58299B0-E5C5-4358-ACA2-11AA859EAD81}.Release|Any CPU.Build.0 = Release|Any CPU
		{CC4B9A52-C0D0-4652-B75F-62A5F1524E9B}.Debug|Any CPU.ActiveCfg = Debug|Any CPU
		{CC4B9A52-C0D0-4652-B75F-62A5F1524E9B}.Debug|Any CPU.Build.0 = Debug|Any CPU
		{CC4B9A52-C0D0-4652-B75F-62A5F1524E9B}.Release|Any CPU.ActiveCfg = Debug|Any CPU
		{CC4B9A52-C0D0-4652-B75F-62A5F1524E9B}.Release|Any CPU.Build.0 = Debug|Any CPU
		{6D723CAC-6C36-432B-AF82-FED039080D40}.Debug|Any CPU.ActiveCfg = Debug|Any CPU
		{6D723CAC-6C36-432B-AF82-FED039080D40}.Debug|Any CPU.Build.0 = Debug|Any CPU
		{6D723CAC-6C36-432B-AF82-FED039080D40}.Release|Any CPU.ActiveCfg = Debug|Any CPU
		{6D723CAC-6C36-432B-AF82-FED039080D40}.Release|Any CPU.Build.0 = Debug|Any CPU
		{1A20E788-4D1C-4E42-862A-FD3E49F7DA84}.Debug|Any CPU.ActiveCfg = Debug|Any CPU
		{1A20E788-4D1C-4E42-862A-FD3E49F7DA84}.Debug|Any CPU.Build.0 = Debug|Any CPU
		{1A20E788-4D1C-4E42-862A-FD3E49F7DA84}.Release|Any CPU.ActiveCfg = Debug|Any CPU
		{1A20E788-4D1C-4E42-862A-FD3E49F7DA84}.Release|Any CPU.Build.0 = Debug|Any CPU
		{14EB9AE5-8BED-4C4F-A8FA-B1CAA7CDDB31}.Debug|Any CPU.ActiveCfg = Debug|Any CPU
		{14EB9AE5-8BED-4C4F-A8FA-B1CAA7CDDB31}.Debug|Any CPU.Build.0 = Debug|Any CPU
		{14EB9AE5-8BED-4C4F-A8FA-B1CAA7CDDB31}.Release|Any CPU.ActiveCfg = Debug|Any CPU
		{14EB9AE5-8BED-4C4F-A8FA-B1CAA7CDDB31}.Release|Any CPU.Build.0 = Debug|Any CPU
		{0772619C-E004-474A-AC00-4974C545C825}.Debug|Any CPU.ActiveCfg = Debug|Any CPU
		{0772619C-E004-474A-AC00-4974C545C825}.Debug|Any CPU.Build.0 = Debug|Any CPU
		{0772619C-E004-474A-AC00-4974C545C825}.Release|Any CPU.ActiveCfg = Debug|Any CPU
		{0772619C-E004-474A-AC00-4974C545C825}.Release|Any CPU.Build.0 = Debug|Any CPU
		{CDDDD084-72FE-4BBB-9239-4B9D038C8F16}.Debug|Any CPU.ActiveCfg = Debug|Any CPU
		{CDDDD084-72FE-4BBB-9239-4B9D038C8F16}.Debug|Any CPU.Build.0 = Debug|Any CPU
		{CDDDD084-72FE-4BBB-9239-4B9D038C8F16}.Release|Any CPU.ActiveCfg = Debug|Any CPU
		{CDDDD084-72FE-4BBB-9239-4B9D038C8F16}.Release|Any CPU.Build.0 = Debug|Any CPU
		{37499680-C81E-493F-9A39-53A795479016}.Debug|Any CPU.ActiveCfg = Debug|Any CPU
		{37499680-C81E-493F-9A39-53A795479016}.Debug|Any CPU.Build.0 = Debug|Any CPU
		{37499680-C81E-493F-9A39-53A795479016}.Release|Any CPU.ActiveCfg = Release|Any CPU
		{37499680-C81E-493F-9A39-53A795479016}.Release|Any CPU.Build.0 = Release|Any CPU
		{D60320C0-142B-432B-9821-6E904BF8E996}.Debug|Any CPU.ActiveCfg = Debug|Any CPU
		{D60320C0-142B-432B-9821-6E904BF8E996}.Debug|Any CPU.Build.0 = Debug|Any CPU
		{D60320C0-142B-432B-9821-6E904BF8E996}.Release|Any CPU.ActiveCfg = Release|Any CPU
		{D60320C0-142B-432B-9821-6E904BF8E996}.Release|Any CPU.Build.0 = Release|Any CPU
		{A972B910-AD58-4ECE-BE8E-87119437C359}.Debug|Any CPU.ActiveCfg = Debug|Any CPU
		{A972B910-AD58-4ECE-BE8E-87119437C359}.Debug|Any CPU.Build.0 = Debug|Any CPU
		{A972B910-AD58-4ECE-BE8E-87119437C359}.Release|Any CPU.ActiveCfg = Release|Any CPU
		{A972B910-AD58-4ECE-BE8E-87119437C359}.Release|Any CPU.Build.0 = Release|Any CPU
		{4F1A5CD8-F08F-6B1C-4564-8476E15A785B}.Debug|Any CPU.ActiveCfg = Debug|Any CPU
		{4F1A5CD8-F08F-6B1C-4564-8476E15A785B}.Debug|Any CPU.Build.0 = Debug|Any CPU
		{4F1A5CD8-F08F-6B1C-4564-8476E15A785B}.Release|Any CPU.ActiveCfg = Release|Any CPU
		{4F1A5CD8-F08F-6B1C-4564-8476E15A785B}.Release|Any CPU.Build.0 = Release|Any CPU
	EndGlobalSection
	GlobalSection(SolutionProperties) = preSolution
		HideSolutionNode = FALSE
	EndGlobalSection
	GlobalSection(NestedProjects) = preSolution
		{CC4B9A52-C0D0-4652-B75F-62A5F1524E9B} = {819E3828-0328-4F38-BDB3-5825B4913AAB}
		{6D723CAC-6C36-432B-AF82-FED039080D40} = {819E3828-0328-4F38-BDB3-5825B4913AAB}
		{1A20E788-4D1C-4E42-862A-FD3E49F7DA84} = {819E3828-0328-4F38-BDB3-5825B4913AAB}
		{14EB9AE5-8BED-4C4F-A8FA-B1CAA7CDDB31} = {819E3828-0328-4F38-BDB3-5825B4913AAB}
		{0772619C-E004-474A-AC00-4974C545C825} = {819E3828-0328-4F38-BDB3-5825B4913AAB}
		{CDDDD084-72FE-4BBB-9239-4B9D038C8F16} = {819E3828-0328-4F38-BDB3-5825B4913AAB}
		{37499680-C81E-493F-9A39-53A795479016} = {819E3828-0328-4F38-BDB3-5825B4913AAB}
		{D60320C0-142B-432B-9821-6E904BF8E996} = {819E3828-0328-4F38-BDB3-5825B4913AAB}
		{A972B910-AD58-4ECE-BE8E-87119437C359} = {819E3828-0328-4F38-BDB3-5825B4913AAB}
		{4F1A5CD8-F08F-6B1C-4564-8476E15A785B} = {02EA681E-C7D8-13C7-8484-4AC65E1B71E8}
	EndGlobalSection
	GlobalSection(ExtensibilityGlobals) = postSolution
		SolutionGuid = {987B7489-CEC2-467B-8D2D-BECDD36AC8AA}
	EndGlobalSection
EndGlobal
